# This file is automatically @generated by Cargo.
# It is not intended for manual editing.
version = 3

[[package]]
name = "foo"
version = "0.1.0"
dependencies = [
 "nfkldsnk432432",
]

[[package]]
name = "nfkldsnk432432"
version = "0.1.0"
source = "git+https://github.com/elaye/cargo-bitbake-ws-dep-bug?branch=main#b8bc4837bdbfa712d39442640e7d77db3946f519"
